{
  "name": "using_npm",
  "version": "1.0.0",
  "lockfileVersion": 3,
  "requires": true,
  "packages": {
    "": {
      "name": "using_npm",
      "version": "1.0.0",
      "license": "ISC",
      "dependencies": {
        "@vladmandic/face-api": "^1.7.11"
      }
    },
    "node_modules/@vladmandic/face-api": {
      "version": "1.7.11",
      "resolved": "https://registry.npmjs.org/@vladmandic/face-api/-/face-api-1.7.11.tgz",
      "integrity": "sha512-jEQRN5/HDrdIEcg6pembiRvU7hk0hhkZfGfN2gxBDG95BmFZEWT/85qUrZDBJMtH51nCtcw20SI+4EGYZfqvIg==",
      "engines": {
        "node": ">=14.0.0"
      }
    }
  }
}
